dependencies:
  espressif/esp_lcd_touch:
    component_hash: 847284c65f8d5aaa9a801f5b3d3dac0ba0a5a2dc1bb68890989e84dd9c4a9d53
    source:
      service_url: https://api.components.espressif.com/
      type: service
    version: 1.0.4
  espressif/esp_lcd_touch_gt911:
    component_hash: adf278bb5bf3999502f5c03d85580039fe196a07a6574d27fc8eeeb0e8792edd
    source:
      service_url: https://api.components.espressif.com/
      type: service
    version: 1.0.4
  idf:
    component_hash: null
    source:
      type: idf
    version: 5.1.2
  lvgl/lvgl:
    component_hash: 2567762b19953712ee38789ad8f8de57ad1f6e39283adefbbfc7184ffe662831
    source:
      service_url: https://api.components.espressif.com/
      type: service
    version: 8.2.0
manifest_hash: d2bdb57e4729ec2e48f55fb35665fe2cb76c3aea126d191d5c946b3890000503
target: esp32s3
version: 1.0.0
